
Microsoft Visual Studio Solution File, Format Version 10.00
# Visual Studio 2008
Project("{8BC9CEB8-8B4A-11D0-8D11-00A0C91BC942}") = "JNIAdapter", "JNIAdapter\JNIAdapter.vcproj", "{E1614B4B-3EEB-4CF6-8D1E-AFE7861CDA08}"
	ProjectSection(ProjectDependencies) = postProject
		{91FE9D05-87CB-4AB0-B0D1-FF0D8CA3DD6B} = {91FE9D05-87CB-4AB0-B0D1-FF0D8CA3DD6B}
		{DB77E98A-2CAD-41D9-A64E-58950A4278A2} = {DB77E98A-2CAD-41D9-A64E-58950A4278A2}
		{BE9AF7FF-1420-4D26-88A7-4D064777E0D0} = {BE9AF7FF-1420-4D26-88A7-4D064777E0D0}
	EndProjectSection
EndProject
Project("{8BC9CEB8-8B4A-11D0-8D11-00A0C91BC942}") = "WinRobotTest", "WinRobotTest\WinRobotTest.vcproj", "{283F5236-8743-4DE1-90E5-3C4A26282251}"
	ProjectSection(ProjectDependencies) = postProject
		{91FE9D05-87CB-4AB0-B0D1-FF0D8CA3DD6B} = {91FE9D05-87CB-4AB0-B0D1-FF0D8CA3DD6B}
		{DB77E98A-2CAD-41D9-A64E-58950A4278A2} = {DB77E98A-2CAD-41D9-A64E-58950A4278A2}
		{BE9AF7FF-1420-4D26-88A7-4D064777E0D0} = {BE9AF7FF-1420-4D26-88A7-4D064777E0D0}
	EndProjectSection
EndProject
Project("{8BC9CEB8-8B4A-11D0-8D11-00A0C91BC942}") = "WinRobotCore", "WinRobotCore\WinRobotCore.vcproj", "{91FE9D05-87CB-4AB0-B0D1-FF0D8CA3DD6B}"
	ProjectSection(ProjectDependencies) = postProject
		{6E852F95-7E06-4B87-A314-632A058B2F63} = {6E852F95-7E06-4B87-A314-632A058B2F63}
	EndProjectSection
EndProject
Project("{8BC9CEB8-8B4A-11D0-8D11-00A0C91BC942}") = "WinRobotHost", "WinRobotHost\WinRobotHost.vcproj", "{BE9AF7FF-1420-4D26-88A7-4D064777E0D0}"
	ProjectSection(ProjectDependencies) = postProject
		{91FE9D05-87CB-4AB0-B0D1-FF0D8CA3DD6B} = {91FE9D05-87CB-4AB0-B0D1-FF0D8CA3DD6B}
	EndProjectSection
EndProject
Project("{8BC9CEB8-8B4A-11D0-8D11-00A0C91BC942}") = "WinRobotHostPS", "WinRobotHost\WinRobotHostPS.vcproj", "{DB77E98A-2CAD-41D9-A64E-58950A4278A2}"
	ProjectSection(ProjectDependencies) = postProject
		{BE9AF7FF-1420-4D26-88A7-4D064777E0D0} = {BE9AF7FF-1420-4D26-88A7-4D064777E0D0}
	EndProjectSection
EndProject
Project("{8BC9CEB8-8B4A-11D0-8D11-00A0C91BC942}") = "WinRobotHook", "WinRobotHook\WinRobotHook.vcproj", "{6E852F95-7E06-4B87-A314-632A058B2F63}"
EndProject
Global
	GlobalSection(SolutionConfigurationPlatforms) = preSolution
		Debug|Win32 = Debug|Win32
		Release|Win32 = Release|Win32
	EndGlobalSection
	GlobalSection(ProjectConfigurationPlatforms) = postSolution
		{E1614B4B-3EEB-4CF6-8D1E-AFE7861CDA08}.Debug|Win32.ActiveCfg = Debug|Win32
		{E1614B4B-3EEB-4CF6-8D1E-AFE7861CDA08}.Debug|Win32.Build.0 = Debug|Win32
		{E1614B4B-3EEB-4CF6-8D1E-AFE7861CDA08}.Release|Win32.ActiveCfg = Release|Win32
		{E1614B4B-3EEB-4CF6-8D1E-AFE7861CDA08}.Release|Win32.Build.0 = Release|Win32
		{283F5236-8743-4DE1-90E5-3C4A26282251}.Debug|Win32.ActiveCfg = Debug|Win32
		{283F5236-8743-4DE1-90E5-3C4A26282251}.Debug|Win32.Build.0 = Debug|Win32
		{283F5236-8743-4DE1-90E5-3C4A26282251}.Release|Win32.ActiveCfg = Release|Win32
		{283F5236-8743-4DE1-90E5-3C4A26282251}.Release|Win32.Build.0 = Release|Win32
		{91FE9D05-87CB-4AB0-B0D1-FF0D8CA3DD6B}.Debug|Win32.ActiveCfg = Debug|Win32
		{91FE9D05-87CB-4AB0-B0D1-FF0D8CA3DD6B}.Debug|Win32.Build.0 = Debug|Win32
		{91FE9D05-87CB-4AB0-B0D1-FF0D8CA3DD6B}.Release|Win32.ActiveCfg = Release|Win32
		{91FE9D05-87CB-4AB0-B0D1-FF0D8CA3DD6B}.Release|Win32.Build.0 = Release|Win32
		{BE9AF7FF-1420-4D26-88A7-4D064777E0D0}.Debug|Win32.ActiveCfg = Debug|Win32
		{BE9AF7FF-1420-4D26-88A7-4D064777E0D0}.Debug|Win32.Build.0 = Debug|Win32
		{BE9AF7FF-1420-4D26-88A7-4D064777E0D0}.Release|Win32.ActiveCfg = Release|Win32
		{BE9AF7FF-1420-4D26-88A7-4D064777E0D0}.Release|Win32.Build.0 = Release|Win32
		{DB77E98A-2CAD-41D9-A64E-58950A4278A2}.Debug|Win32.ActiveCfg = Debug|Win32
		{DB77E98A-2CAD-41D9-A64E-58950A4278A2}.Debug|Win32.Build.0 = Debug|Win32
		{DB77E98A-2CAD-41D9-A64E-58950A4278A2}.Release|Win32.ActiveCfg = Release|Win32
		{DB77E98A-2CAD-41D9-A64E-58950A4278A2}.Release|Win32.Build.0 = Release|Win32
		{6E852F95-7E06-4B87-A314-632A058B2F63}.Debug|Win32.ActiveCfg = Debug|Win32
		{6E852F95-7E06-4B87-A314-632A058B2F63}.Debug|Win32.Build.0 = Debug|Win32
		{6E852F95-7E06-4B87-A314-632A058B2F63}.Release|Win32.ActiveCfg = Release|Win32
		{6E852F95-7E06-4B87-A314-632A058B2F63}.Release|Win32.Build.0 = Release|Win32
	EndGlobalSection
	GlobalSection(SolutionProperties) = preSolution
		HideSolutionNode = FALSE
	EndGlobalSection
EndGlobal
