<?xml version="1.0" encoding="utf-8"?>
<Project ToolsVersion="4.0" xmlns="http://schemas.microsoft.com/developer/msbuild/2003">
  <ItemGroup>
    <Filter Include="Source Files">
      <UniqueIdentifier>{4FC737F1-C7A5-4376-A066-2A32D752A2FF}</UniqueIdentifier>
      <Extensions>cpp;c;cc;cxx;def;odl;idl;hpj;bat;asm;asmx</Extensions>
    </Filter>
    <Filter Include="Header Files">
      <UniqueIdentifier>{93995380-89BD-4b04-88EB-625FBE52EBFB}</UniqueIdentifier>
      <Extensions>h;hpp;hxx;hm;inl;inc;xsd</Extensions>
    </Filter>
    <Filter Include="Resource Files">
      <UniqueIdentifier>{67DA6AB6-F800-4c08-8B7A-83BB121AAD01}</UniqueIdentifier>
      <Extensions>rc;ico;cur;bmp;dlg;rc2;rct;bin;rgs;gif;jpg;jpeg;jpe;resx;tiff;tif;png;wav</Extensions>
    </Filter>
  </ItemGroup>
  <ItemGroup>
    <ClCompile Include="DDrawHook.cpp">
      <Filter>Source Files</Filter>
    </ClCompile>
    <ClCompile Include="..\common\debuglogger.cpp">
      <Filter>Source Files</Filter>
    </ClCompile>
    <ClCompile Include="..\common\FileMapping.cpp">
      <Filter>Source Files</Filter>
    </ClCompile>
    <ClCompile Include="..\common\FileMappingBitmap.cpp">
      <Filter>Source Files</Filter>
    </ClCompile>
    <ClCompile Include="..\common\logger\flogger.cpp">
      <Filter>Source Files</Filter>
    </ClCompile>
    <ClCompile Include="GDIHook.cpp">
      <Filter>Source Files</Filter>
    </ClCompile>
    <ClCompile Include="OverlayBlend.cpp">
      <Filter>Source Files</Filter>
    </ClCompile>
    <ClCompile Include="OverlaySurfaceCache.cpp">
      <Filter>Source Files</Filter>
    </ClCompile>
    <ClCompile Include="..\common\ScreenBuffer.cpp">
      <Filter>Source Files</Filter>
    </ClCompile>
    <ClCompile Include="ShareData.cpp">
      <Filter>Source Files</Filter>
    </ClCompile>
    <ClCompile Include="stdafx.cpp">
      <Filter>Source Files</Filter>
    </ClCompile>
    <ClCompile Include="WinRobotHook.cpp">
      <Filter>Source Files</Filter>
    </ClCompile>
    <ClCompile Include="..\common\WinSysDLL.cpp">
      <Filter>Source Files</Filter>
    </ClCompile>
    <ClCompile Include="YUV2RGB.cpp">
      <Filter>Source Files</Filter>
    </ClCompile>
  </ItemGroup>
  <ItemGroup>
    <ClInclude Include="D3D9Hook.h">
      <Filter>Header Files</Filter>
    </ClInclude>
    <ClInclude Include="DDrawHook.h">
      <Filter>Header Files</Filter>
    </ClInclude>
    <ClInclude Include="..\common\debuglogger.h">
      <Filter>Header Files</Filter>
    </ClInclude>
    <ClInclude Include="..\common\logger\flogger.h">
      <Filter>Header Files</Filter>
    </ClInclude>
    <ClInclude Include="GDIHook.h">
      <Filter>Header Files</Filter>
    </ClInclude>
    <ClInclude Include="OverlayBlend.h">
      <Filter>Header Files</Filter>
    </ClInclude>
    <ClInclude Include="OverlaySurfaceCache.h">
      <Filter>Header Files</Filter>
    </ClInclude>
    <ClInclude Include="ShareData.h">
      <Filter>Header Files</Filter>
    </ClInclude>
    <ClInclude Include="stdafx.h">
      <Filter>Header Files</Filter>
    </ClInclude>
    <ClInclude Include="targetver.h">
      <Filter>Header Files</Filter>
    </ClInclude>
    <ClInclude Include="WinRobotHook.h">
      <Filter>Header Files</Filter>
    </ClInclude>
    <ClInclude Include="..\common\WinSysDLL.h">
      <Filter>Header Files</Filter>
    </ClInclude>
    <ClInclude Include="YUV2RGB.h">
      <Filter>Header Files</Filter>
    </ClInclude>
  </ItemGroup>
  <ItemGroup>
    <None Include="ReadMe.txt" />
  </ItemGroup>
</Project>